
Microsoft Visual Studio Solution File, Format Version 12.00
# Visual Studio Version 16
VisualStudioVersion = 16.0.30309.148
MinimumVisualStudioVersion = 10.0.40219.1
Project("{FAE04EC0-301F-11D3-BF4B-00C04F79EFBC}") = "Winforms", "Winforms\Winforms.csproj", "{853290CD-7DE2-4470-8CA0-7555BBB9E973}"
EndProject
Project("{FAE04EC0-301F-11D3-BF4B-00C04F79EFBC}") = "WebAPI", "WebAPI\WebAPI.csproj", "{5CD65197-1396-4255-8857-ECE0544BC2C8}"
EndProject
Global
	GlobalSection(SolutionConfigurationPlatforms) = preSolution
		Debug|Any CPU = Debug|Any CPU
		Release|Any CPU = Release|Any CPU
	EndGlobalSection
	GlobalSection(ProjectConfigurationPlatforms) = postSolution
		{853290CD-7DE2-4470-8CA0-7555BBB9E973}.Debug|Any CPU.ActiveCfg = Debug|Any CPU
		{853290CD-7DE2-4470-8CA0-7555BBB9E973}.Debug|Any CPU.Build.0 = Debug|Any CPU
		{853290CD-7DE2-4470-8CA0-7555BBB9E973}.Release|Any CPU.ActiveCfg = Release|Any CPU
		{853290CD-7DE2-4470-8CA0-7555BBB9E973}.Release|Any CPU.Build.0 = Release|Any CPU
		{5CD65197-1396-4255-8857-ECE0544BC2C8}.Debug|Any CPU.ActiveCfg = Debug|Any CPU
		{5CD65197-1396-4255-8857-ECE0544BC2C8}.Debug|Any CPU.Build.0 = Debug|Any CPU
		{5CD65197-1396-4255-8857-ECE0544BC2C8}.Release|Any CPU.ActiveCfg = Release|Any CPU
		{5CD65197-1396-4255-8857-ECE0544BC2C8}.Release|Any CPU.Build.0 = Release|Any CPU
	EndGlobalSection
	GlobalSection(SolutionProperties) = preSolution
		HideSolutionNode = FALSE
	EndGlobalSection
	GlobalSection(ExtensibilityGlobals) = postSolution
		SolutionGuid = {153E32E5-4ECA-4AFF-A620-F9B590F1C1E6}
	EndGlobalSection
EndGlobal
